
Microsoft Visual Studio Solution File, Format Version 12.00
# Visual Studio 15
VisualStudioVersion = 15.0.27004.2010
MinimumVisualStudioVersion = 10.0.40219.1
Project("{FAE04EC0-301F-11D3-BF4B-00C04F79EFBC}") = "ApiLayer", "ApiLayer\ApiLayer.csproj", "{07002A76-BB7F-4EE4-834D-534F55F59B07}"
EndProject
Project("{9A19103F-16F7-4668-BE54-9A1E7A4F7556}") = "WebAPI.SQL", "WebAPI.SQL\WebAPI.SQL.csproj", "{27C7F72F-D3E0-4084-9C37-2FA720892157}"
EndProject
Project("{9A19103F-16F7-4668-BE54-9A1E7A4F7556}") = "WebAPI.Repository", "WebAPI.Repository\WebAPI.Repository.csproj", "{126FF4CD-FCAE-45B3-A841-435F138FF099}"
EndProject
Project("{9A19103F-16F7-4668-BE54-9A1E7A4F7556}") = "WebAPI.Model", "WebAPI.Model\WebAPI.Model.csproj", "{BA481D08-923E-4535-9132-F55FBEC4FD32}"
EndProject
Project("{FAE04EC0-301F-11D3-BF4B-00C04F79EFBC}") = "WebAPI.Test", "WebAPI.Test\WebAPI.Test.csproj", "{8EDC8871-578E-4E8E-A097-9122EC4B9287}"
EndProject
Project("{FAE04EC0-301F-11D3-BF4B-00C04F79EFBC}") = "WebAPI.DataAccess", "WebAPI.DataAccess\WebAPI.DataAccess.csproj", "{B30D18E1-6722-42A8-AFA2-8FF1C9B862AE}"
EndProject
Global
	GlobalSection(SolutionConfigurationPlatforms) = preSolution
		Debug|Any CPU = Debug|Any CPU
		Debug|ARM = Debug|ARM
		Debug|x64 = Debug|x64
		Debug|x86 = Debug|x86
		Release|Any CPU = Release|Any CPU
		Release|ARM = Release|ARM
		Release|x64 = Release|x64
		Release|x86 = Release|x86
	EndGlobalSection
	GlobalSection(ProjectConfigurationPlatforms) = postSolution
		{07002A76-BB7F-4EE4-834D-534F55F59B07}.Debug|Any CPU.ActiveCfg = Debug|Any CPU
		{07002A76-BB7F-4EE4-834D-534F55F59B07}.Debug|Any CPU.Build.0 = Debug|Any CPU
		{07002A76-BB7F-4EE4-834D-534F55F59B07}.Debug|ARM.ActiveCfg = Debug|Any CPU
		{07002A76-BB7F-4EE4-834D-534F55F59B07}.Debug|ARM.Build.0 = Debug|Any CPU
		{07002A76-BB7F-4EE4-834D-534F55F59B07}.Debug|x64.ActiveCfg = Debug|Any CPU
		{07002A76-BB7F-4EE4-834D-534F55F59B07}.Debug|x64.Build.0 = Debug|Any CPU
		{07002A76-BB7F-4EE4-834D-534F55F59B07}.Debug|x86.ActiveCfg = Debug|Any CPU
		{07002A76-BB7F-4EE4-834D-534F55F59B07}.Debug|x86.Build.0 = Debug|Any CPU
		{07002A76-BB7F-4EE4-834D-534F55F59B07}.Release|Any CPU.ActiveCfg = Release|Any CPU
		{07002A76-BB7F-4EE4-834D-534F55F59B07}.Release|Any CPU.Build.0 = Release|Any CPU
		{07002A76-BB7F-4EE4-834D-534F55F59B07}.Release|ARM.ActiveCfg = Release|Any CPU
		{07002A76-BB7F-4EE4-834D-534F55F59B07}.Release|ARM.Build.0 = Release|Any CPU
		{07002A76-BB7F-4EE4-834D-534F55F59B07}.Release|x64.ActiveCfg = Release|Any CPU
		{07002A76-BB7F-4EE4-834D-534F55F59B07}.Release|x64.Build.0 = Release|Any CPU
		{07002A76-BB7F-4EE4-834D-534F55F59B07}.Release|x86.ActiveCfg = Release|Any CPU
		{07002A76-BB7F-4EE4-834D-534F55F59B07}.Release|x86.Build.0 = Release|Any CPU
		{27C7F72F-D3E0-4084-9C37-2FA720892157}.Debug|Any CPU.ActiveCfg = Debug|Any CPU
		{27C7F72F-D3E0-4084-9C37-2FA720892157}.Debug|Any CPU.Build.0 = Debug|Any CPU
		{27C7F72F-D3E0-4084-9C37-2FA720892157}.Debug|ARM.ActiveCfg = Debug|Any CPU
		{27C7F72F-D3E0-4084-9C37-2FA720892157}.Debug|ARM.Build.0 = Debug|Any CPU
		{27C7F72F-D3E0-4084-9C37-2FA720892157}.Debug|x64.ActiveCfg = Debug|Any CPU
		{27C7F72F-D3E0-4084-9C37-2FA720892157}.Debug|x64.Build.0 = Debug|Any CPU
		{27C7F72F-D3E0-4084-9C37-2FA720892157}.Debug|x86.ActiveCfg = Debug|Any CPU
		{27C7F72F-D3E0-4084-9C37-2FA720892157}.Debug|x86.Build.0 = Debug|Any CPU
		{27C7F72F-D3E0-4084-9C37-2FA720892157}.Release|Any CPU.ActiveCfg = Release|Any CPU
		{27C7F72F-D3E0-4084-9C37-2FA720892157}.Release|Any CPU.Build.0 = Release|Any CPU
		{27C7F72F-D3E0-4084-9C37-2FA720892157}.Release|ARM.ActiveCfg = Release|Any CPU
		{27C7F72F-D3E0-4084-9C37-2FA720892157}.Release|ARM.Build.0 = Release|Any CPU
		{27C7F72F-D3E0-4084-9C37-2FA720892157}.Release|x64.ActiveCfg = Release|Any CPU
		{27C7F72F-D3E0-4084-9C37-2FA720892157}.Release|x64.Build.0 = Release|Any CPU
		{27C7F72F-D3E0-4084-9C37-2FA720892157}.Release|x86.ActiveCfg = Release|Any CPU
		{27C7F72F-D3E0-4084-9C37-2FA720892157}.Release|x86.Build.0 = Release|Any CPU
		{126FF4CD-FCAE-45B3-A841-435F138FF099}.Debug|Any CPU.ActiveCfg = Debug|Any CPU
		{126FF4CD-FCAE-45B3-A841-435F138FF099}.Debug|Any CPU.Build.0 = Debug|Any CPU
		{126FF4CD-FCAE-45B3-A841-435F138FF099}.Debug|ARM.ActiveCfg = Debug|Any CPU
		{126FF4CD-FCAE-45B3-A841-435F138FF099}.Debug|ARM.Build.0 = Debug|Any CPU
		{126FF4CD-FCAE-45B3-A841-435F138FF099}.Debug|x64.ActiveCfg = Debug|Any CPU
		{126FF4CD-FCAE-45B3-A841-435F138FF099}.Debug|x64.Build.0 = Debug|Any CPU
		{126FF4CD-FCAE-45B3-A841-435F138FF099}.Debug|x86.ActiveCfg = Debug|Any CPU
		{126FF4CD-FCAE-45B3-A841-435F138FF099}.Debug|x86.Build.0 = Debug|Any CPU
		{126FF4CD-FCAE-45B3-A841-435F138FF099}.Release|Any CPU.ActiveCfg = Release|Any CPU
		{126FF4CD-FCAE-45B3-A841-435F138FF099}.Release|Any CPU.Build.0 = Release|Any CPU
		{126FF4CD-FCAE-45B3-A841-435F138FF099}.Release|ARM.ActiveCfg = Release|Any CPU
		{126FF4CD-FCAE-45B3-A841-435F138FF099}.Release|ARM.Build.0 = Release|Any CPU
		{126FF4CD-FCAE-45B3-A841-435F138FF099}.Release|x64.ActiveCfg = Release|Any CPU
		{126FF4CD-FCAE-45B3-A841-435F138FF099}.Release|x64.Build.0 = Release|Any CPU
		{126FF4CD-FCAE-45B3-A841-435F138FF099}.Release|x86.ActiveCfg = Release|Any CPU
		{126FF4CD-FCAE-45B3-A841-435F138FF099}.Release|x86.Build.0 = Release|Any CPU
		{BA481D08-923E-4535-9132-F55FBEC4FD32}.Debug|Any CPU.ActiveCfg = Debug|Any CPU
		{BA481D08-923E-4535-9132-F55FBEC4FD32}.Debug|Any CPU.Build.0 = Debug|Any CPU
		{BA481D08-923E-4535-9132-F55FBEC4FD32}.Debug|ARM.ActiveCfg = Debug|Any CPU
		{BA481D08-923E-4535-9132-F55FBEC4FD32}.Debug|ARM.Build.0 = Debug|Any CPU
		{BA481D08-923E-4535-9132-F55FBEC4FD32}.Debug|x64.ActiveCfg = Debug|Any CPU
		{BA481D08-923E-4535-9132-F55FBEC4FD32}.Debug|x64.Build.0 = Debug|Any CPU
		{BA481D08-923E-4535-9132-F55FBEC4FD32}.Debug|x86.ActiveCfg = Debug|Any CPU
		{BA481D08-923E-4535-9132-F55FBEC4FD32}.Debug|x86.Build.0 = Debug|Any CPU
		{BA481D08-923E-4535-9132-F55FBEC4FD32}.Release|Any CPU.ActiveCfg = Release|Any CPU
		{BA481D08-923E-4535-9132-F55FBEC4FD32}.Release|Any CPU.Build.0 = Release|Any CPU
		{BA481D08-923E-4535-9132-F55FBEC4FD32}.Release|ARM.ActiveCfg = Release|Any CPU
		{BA481D08-923E-4535-9132-F55FBEC4FD32}.Release|ARM.Build.0 = Release|Any CPU
		{BA481D08-923E-4535-9132-F55FBEC4FD32}.Release|x64.ActiveCfg = Release|Any CPU
		{BA481D08-923E-4535-9132-F55FBEC4FD32}.Release|x64.Build.0 = Release|Any CPU
		{BA481D08-923E-4535-9132-F55FBEC4FD32}.Release|x86.ActiveCfg = Release|Any CPU
		{BA481D08-923E-4535-9132-F55FBEC4FD32}.Release|x86.Build.0 = Release|Any CPU
		{8EDC8871-578E-4E8E-A097-9122EC4B9287}.Debug|Any CPU.ActiveCfg = Debug|Any CPU
		{8EDC8871-578E-4E8E-A097-9122EC4B9287}.Debug|Any CPU.Build.0 = Debug|Any CPU
		{8EDC8871-578E-4E8E-A097-9122EC4B9287}.Debug|ARM.ActiveCfg = Debug|Any CPU
		{8EDC8871-578E-4E8E-A097-9122EC4B9287}.Debug|ARM.Build.0 = Debug|Any CPU
		{8EDC8871-578E-4E8E-A097-9122EC4B9287}.Debug|x64.ActiveCfg = Debug|Any CPU
		{8EDC8871-578E-4E8E-A097-9122EC4B9287}.Debug|x64.Build.0 = Debug|Any CPU
		{8EDC8871-578E-4E8E-A097-9122EC4B9287}.Debug|x86.ActiveCfg = Debug|Any CPU
		{8EDC8871-578E-4E8E-A097-9122EC4B9287}.Debug|x86.Build.0 = Debug|Any CPU
		{8EDC8871-578E-4E8E-A097-9122EC4B9287}.Release|Any CPU.ActiveCfg = Release|Any CPU
		{8EDC8871-578E-4E8E-A097-9122EC4B9287}.Release|Any CPU.Build.0 = Release|Any CPU
		{8EDC8871-578E-4E8E-A097-9122EC4B9287}.Release|ARM.ActiveCfg = Release|Any CPU
		{8EDC8871-578E-4E8E-A097-9122EC4B9287}.Release|ARM.Build.0 = Release|Any CPU
		{8EDC8871-578E-4E8E-A097-9122EC4B9287}.Release|x64.ActiveCfg = Release|Any CPU
		{8EDC8871-578E-4E8E-A097-9122EC4B9287}.Release|x64.Build.0 = Release|Any CPU
		{8EDC8871-578E-4E8E-A097-9122EC4B9287}.Release|x86.ActiveCfg = Release|Any CPU
		{8EDC8871-578E-4E8E-A097-9122EC4B9287}.Release|x86.Build.0 = Release|Any CPU
		{B30D18E1-6722-42A8-AFA2-8FF1C9B862AE}.Debug|Any CPU.ActiveCfg = Debug|Any CPU
		{B30D18E1-6722-42A8-AFA2-8FF1C9B862AE}.Debug|Any CPU.Build.0 = Debug|Any CPU
		{B30D18E1-6722-42A8-AFA2-8FF1C9B862AE}.Debug|ARM.ActiveCfg = Debug|Any CPU
		{B30D18E1-6722-42A8-AFA2-8FF1C9B862AE}.Debug|ARM.Build.0 = Debug|Any CPU
		{B30D18E1-6722-42A8-AFA2-8FF1C9B862AE}.Debug|x64.ActiveCfg = Debug|Any CPU
		{B30D18E1-6722-42A8-AFA2-8FF1C9B862AE}.Debug|x64.Build.0 = Debug|Any CPU
		{B30D18E1-6722-42A8-AFA2-8FF1C9B862AE}.Debug|x86.ActiveCfg = Debug|Any CPU
		{B30D18E1-6722-42A8-AFA2-8FF1C9B862AE}.Debug|x86.Build.0 = Debug|Any CPU
		{B30D18E1-6722-42A8-AFA2-8FF1C9B862AE}.Release|Any CPU.ActiveCfg = Release|Any CPU
		{B30D18E1-6722-42A8-AFA2-8FF1C9B862AE}.Release|Any CPU.Build.0 = Release|Any CPU
		{B30D18E1-6722-42A8-AFA2-8FF1C9B862AE}.Release|ARM.ActiveCfg = Release|Any CPU
		{B30D18E1-6722-42A8-AFA2-8FF1C9B862AE}.Release|ARM.Build.0 = Release|Any CPU
		{B30D18E1-6722-42A8-AFA2-8FF1C9B862AE}.Release|x64.ActiveCfg = Release|Any CPU
		{B30D18E1-6722-42A8-AFA2-8FF1C9B862AE}.Release|x64.Build.0 = Release|Any CPU
		{B30D18E1-6722-42A8-AFA2-8FF1C9B862AE}.Release|x86.ActiveCfg = Release|Any CPU
		{B30D18E1-6722-42A8-AFA2-8FF1C9B862AE}.Release|x86.Build.0 = Release|Any CPU
	EndGlobalSection
	GlobalSection(SolutionProperties) = preSolution
		HideSolutionNode = FALSE
	EndGlobalSection
	GlobalSection(ExtensibilityGlobals) = postSolution
		SolutionGuid = {8665AF19-8788-4314-84BD-34AFE658C98D}
	EndGlobalSection
EndGlobal
